// !$*UTF8*$!
{
	archiveVersion = 1;
	classes = {
	};
	objectVersion = 55;
	objects = {

/* Begin PBXBuildFile section */
		422955BA285784320018033C /* Printer in Frameworks */ = {isa = PBXBuildFile; productRef = 422955B9285784320018033C /* Printer */; };
		89058AD428504DB200CCB8BC /* nexApp.swift in Sources */ = {isa = PBXBuildFile; fileRef = 89058AD328504DB200CCB8BC /* nexApp.swift */; };
		89058AD628504DB200CCB8BC /* ContentView.swift in Sources */ = {isa = PBXBuildFile; fileRef = 89058AD528504DB200CCB8BC /* ContentView.swift */; };
		89058AD828504DB300CCB8BC /* Assets.xcassets in Resources */ = {isa = PBXBuildFile; fileRef = 89058AD728504DB300CCB8BC /* Assets.xcassets */; };
		89058ADB28504DB300CCB8BC /* Preview Assets.xcassets in Resources */ = {isa = PBXBuildFile; fileRef = 89058ADA28504DB300CCB8BC /* Preview Assets.xcassets */; };
		89058AE228504E6A00CCB8BC /* BlueTooth.swift in Sources */ = {isa = PBXBuildFile; fileRef = 89058AE128504E6A00CCB8BC /* BlueTooth.swift */; };
		8941978D285987F100B5FF5A /* ticket.swift in Sources */ = {isa = PBXBuildFile; fileRef = 8941978C285987F100B5FF5A /* ticket.swift */; };
		8941978F2859D5E700B5FF5A /* Text.swift in Sources */ = {isa = PBXBuildFile; fileRef = 8941978E2859D5E700B5FF5A /* Text.swift */; };
		896C81652853279500759B7D /* WlanManger.swift in Sources */ = {isa = PBXBuildFile; fileRef = 896C81642853279500759B7D /* WlanManger.swift */; };
		89B38EA62858887300E1838F /* Wrapper.swift in Sources */ = {isa = PBXBuildFile; fileRef = 89B38EA52858887300E1838F /* Wrapper.swift */; };
		89D287E72852E7F00094D591 /* PeripheralDelegate.swift in Sources */ = {isa = PBXBuildFile; fileRef = 89D287E62852E7F00094D591 /* PeripheralDelegate.swift */; };
		89D532892851847700C40CF8 /* CardView.swift in Sources */ = {isa = PBXBuildFile; fileRef = 89D532882851847600C40CF8 /* CardView.swift */; };
/* End PBXBuildFile section */

/* Begin PBXFileReference section */
		89058AD028504DB200CCB8BC /* nex.app */ = {isa = PBXFileReference; explicitFileType = wrapper.application; includeInIndex = 0; path = nex.app; sourceTree = BUILT_PRODUCTS_DIR; };
		89058AD328504DB200CCB8BC /* nexApp.swift */ = {isa = PBXFileReference; lastKnownFileType = sourcecode.swift; path = nexApp.swift; sourceTree = "<group>"; };
		89058AD528504DB200CCB8BC /* ContentView.swift */ = {isa = PBXFileReference; lastKnownFileType = sourcecode.swift; path = ContentView.swift; sourceTree = "<group>"; };
		89058AD728504DB300CCB8BC /* Assets.xcassets */ = {isa = PBXFileReference; lastKnownFileType = folder.assetcatalog; path = Assets.xcassets; sourceTree = "<group>"; };
		89058ADA28504DB300CCB8BC /* Preview Assets.xcassets */ = {isa = PBXFileReference; lastKnownFileType = folder.assetcatalog; path = "Preview Assets.xcassets"; sourceTree = "<group>"; };
		89058AE128504E6A00CCB8BC /* BlueTooth.swift */ = {isa = PBXFileReference; lastKnownFileType = sourcecode.swift; path = BlueTooth.swift; sourceTree = "<group>"; };
		8941978C285987F100B5FF5A /* ticket.swift */ = {isa = PBXFileReference; lastKnownFileType = sourcecode.swift; path = ticket.swift; sourceTree = "<group>"; };
		8941978E2859D5E700B5FF5A /* Text.swift */ = {isa = PBXFileReference; lastKnownFileType = sourcecode.swift; path = Text.swift; sourceTree = "<group>"; };
		896C81642853279500759B7D /* WlanManger.swift */ = {isa = PBXFileReference; lastKnownFileType = sourcecode.swift; path = WlanManger.swift; sourceTree = "<group>"; };
		89B38EA52858887300E1838F /* Wrapper.swift */ = {isa = PBXFileReference; lastKnownFileType = sourcecode.swift; path = Wrapper.swift; sourceTree = "<group>"; };
		89D287E62852E7F00094D591 /* PeripheralDelegate.swift */ = {isa = PBXFileReference; lastKnownFileType = sourcecode.swift; path = PeripheralDelegate.swift; sourceTree = "<group>"; };
		89D532882851847600C40CF8 /* CardView.swift */ = {isa = PBXFileReference; lastKnownFileType = sourcecode.swift; path = CardView.swift; sourceTree = "<group>"; };
/* End PBXFileReference section */

/* Begin PBXFrameworksBuildPhase section */
		89058ACD28504DB200CCB8BC /* Frameworks */ = {
			isa = PBXFrameworksBuildPhase;
			buildActionMask = 2147483647;
			files = (
				422955BA285784320018033C /* Printer in Frameworks */,
			);
			runOnlyForDeploymentPostprocessing = 0;
		};
/* End PBXFrameworksBuildPhase section */

/* Begin PBXGroup section */
		89058AC728504DB200CCB8BC = {
			isa = PBXGroup;
			children = (
				89058AD228504DB200CCB8BC /* nex */,
				89058AD128504DB200CCB8BC /* Products */,
			);
			sourceTree = "<group>";
		};
		89058AD128504DB200CCB8BC /* Products */ = {
			isa = PBXGroup;
			children = (
				89058AD028504DB200CCB8BC /* nex.app */,
			);
			name = Products;
			sourceTree = "<group>";
		};
		89058AD228504DB200CCB8BC /* nex */ = {
			isa = PBXGroup;
			children = (
				8941978B285987DA00B5FF5A /* Ticket */,
				89B38EA42858885A00E1838F /* Wrapper */,
				896C81632853232700759B7D /* Wlan */,
				89D287E52852E7C10094D591 /* BlueTooth */,
				89058AD328504DB200CCB8BC /* nexApp.swift */,
				89058AD528504DB200CCB8BC /* ContentView.swift */,
				89058AE128504E6A00CCB8BC /* BlueTooth.swift */,
				89D532882851847600C40CF8 /* CardView.swift */,
				89058AD728504DB300CCB8BC /* Assets.xcassets */,
				89058AD928504DB300CCB8BC /* Preview Content */,
			);
			path = nex;
			sourceTree = "<group>";
		};
		89058AD928504DB300CCB8BC /* Preview Content */ = {
			isa = PBXGroup;
			children = (
				89058ADA28504DB300CCB8BC /* Preview Assets.xcassets */,
			);
			path = "Preview Content";
			sourceTree = "<group>";
		};
		8941978B285987DA00B5FF5A /* Ticket */ = {
			isa = PBXGroup;
			children = (
				8941978C285987F100B5FF5A /* ticket.swift */,
				8941978E2859D5E700B5FF5A /* Text.swift */,
			);
			path = Ticket;
			sourceTree = "<group>";
		};
		896C81632853232700759B7D /* Wlan */ = {
			isa = PBXGroup;
			children = (
				896C81642853279500759B7D /* WlanManger.swift */,
			);
			path = Wlan;
			sourceTree = "<group>";
		};
		89B38EA42858885A00E1838F /* Wrapper */ = {
			isa = PBXGroup;
			children = (
				89B38EA52858887300E1838F /* Wrapper.swift */,
			);
			path = Wrapper;
			sourceTree = "<group>";
		};
		89D287E52852E7C10094D591 /* BlueTooth */ = {
			isa = PBXGroup;
			children = (
				89D287E62852E7F00094D591 /* PeripheralDelegate.swift */,
			);
			path = BlueTooth;
			sourceTree = "<group>";
		};
/* End PBXGroup section */

/* Begin PBXNativeTarget section */
		89058ACF28504DB200CCB8BC /* nex */ = {
			isa = PBXNativeTarget;
			buildConfigurationList = 89058ADE28504DB300CCB8BC /* Build configuration list for PBXNativeTarget "nex" */;
			buildPhases = (
				89058ACC28504DB200CCB8BC /* Sources */,
				89058ACD28504DB200CCB8BC /* Frameworks */,
				89058ACE28504DB200CCB8BC /* Resources */,
			);
			buildRules = (
			);
			dependencies = (
			);
			name = nex;
			packageProductDependencies = (
				422955B9285784320018033C /* Printer */,
			);
			productName = nex;
			productReference = 89058AD028504DB200CCB8BC /* nex.app */;
			productType = "com.apple.product-type.application";
		};
/* End PBXNativeTarget section */

/* Begin PBXProject section */
		89058AC828504DB200CCB8BC /* Project object */ = {
			isa = PBXProject;
			attributes = {
				BuildIndependentTargetsInParallel = 1;
				LastSwiftUpdateCheck = 1330;
				LastUpgradeCheck = 1330;
				TargetAttributes = {
					89058ACF28504DB200CCB8BC = {
						CreatedOnToolsVersion = 13.3;
					};
				};
			};
			buildConfigurationList = 89058ACB28504DB200CCB8BC /* Build configuration list for PBXProject "nex" */;
			compatibilityVersion = "Xcode 13.0";
			developmentRegion = en;
			hasScannedForEncodings = 0;
			knownRegions = (
				en,
				Base,
			);
			mainGroup = 89058AC728504DB200CCB8BC;
			packageReferences = (
				422955B8285784320018033C /* XCRemoteSwiftPackageReference "Printer" */,
			);
			productRefGroup = 89058AD128504DB200CCB8BC /* Products */;
			projectDirPath = "";
			projectRoot = "";
			targets = (
				89058ACF28504DB200CCB8BC /* nex */,
			);
		};
/* End PBXProject section */

/* Begin PBXResourcesBuildPhase section */
		89058ACE28504DB200CCB8BC /* Resources */ = {
			isa = PBXResourcesBuildPhase;
			buildActionMask = 2147483647;
			files = (
				89058ADB28504DB300CCB8BC /* Preview Assets.xcassets in Resources */,
				89058AD828504DB300CCB8BC /* Assets.xcassets in Resources */,
			);
			runOnlyForDeploymentPostprocessing = 0;
		};
/* End PBXResourcesBuildPhase section */

/* Begin PBXSourcesBuildPhase section */
		89058ACC28504DB200CCB8BC /* Sources */ = {
			isa = PBXSourcesBuildPhase;
			buildActionMask = 2147483647;
			files = (
				89058AE228504E6A00CCB8BC /* BlueTooth.swift in Sources */,
				89058AD628504DB200CCB8BC /* ContentView.swift in Sources */,
				89D532892851847700C40CF8 /* CardView.swift in Sources */,
				8941978D285987F100B5FF5A /* ticket.swift in Sources */,
				8941978F2859D5E700B5FF5A /* Text.swift in Sources */,
				896C81652853279500759B7D /* WlanManger.swift in Sources */,
				89B38EA62858887300E1838F /* Wrapper.swift in Sources */,
				89058AD428504DB200CCB8BC /* nexApp.swift in Sources */,
				89D287E72852E7F00094D591 /* PeripheralDelegate.swift in Sources */,
			);
			runOnlyForDeploymentPostprocessing = 0;
		};
/* End PBXSourcesBuildPhase section */

/* Begin XCBuildConfiguration section */
		89058ADC28504DB300CCB8BC /* Debug */ = {
			isa = XCBuildConfiguration;
			buildSettings = {
				ALWAYS_SEARCH_USER_PATHS = NO;
				CLANG_ANALYZER_NONNULL = YES;
				CLANG_ANALYZER_NUMBER_OBJECT_CONVERSION = YES_AGGRESSIVE;
				CLANG_CXX_LANGUAGE_STANDARD = "gnu++17";
				CLANG_ENABLE_MODULES = YES;
				CLANG_ENABLE_OBJC_ARC = YES;
				CLANG_ENABLE_OBJC_WEAK = YES;
				CLANG_WARN_BLOCK_CAPTURE_AUTORELEASING = YES;
				CLANG_WARN_BOOL_CONVERSION = YES;
				CLANG_WARN_COMMA = YES;
				CLANG_WARN_CONSTANT_CONVERSION = YES;
				CLANG_WARN_DEPRECATED_OBJC_IMPLEMENTATIONS = YES;
				CLANG_WARN_DIRECT_OBJC_ISA_USAGE = YES_ERROR;
				CLANG_WARN_DOCUMENTATION_COMMENTS = YES;
				CLANG_WARN_EMPTY_BODY = YES;
				CLANG_WARN_ENUM_CONVERSION = YES;
				CLANG_WARN_INFINITE_RECURSION = YES;
				CLANG_WARN_INT_CONVERSION = YES;
				CLANG_WARN_NON_LITERAL_NULL_CONVERSION = YES;
				CLANG_WARN_OBJC_IMPLICIT_RETAIN_SELF = YES;
				CLANG_WARN_OBJC_LITERAL_CONVERSION = YES;
				CLANG_WARN_OBJC_ROOT_CLASS = YES_ERROR;
				CLANG_WARN_QUOTED_INCLUDE_IN_FRAMEWORK_HEADER = YES;
				CLANG_WARN_RANGE_LOOP_ANALYSIS = YES;
				CLANG_WARN_STRICT_PROTOTYPES = YES;
				CLANG_WARN_SUSPICIOUS_MOVE = YES;
				CLANG_WARN_UNGUARDED_AVAILABILITY = YES_AGGRESSIVE;
				CLANG_WARN_UNREACHABLE_CODE = YES;
				CLANG_WARN__DUPLICATE_METHOD_MATCH = YES;
				COPY_PHASE_STRIP = NO;
				DEBUG_INFORMATION_FORMAT = dwarf;
				ENABLE_STRICT_OBJC_MSGSEND = YES;
				ENABLE_TESTABILITY = YES;
				GCC_C_LANGUAGE_STANDARD = gnu11;
				GCC_DYNAMIC_NO_PIC = NO;
				GCC_NO_COMMON_BLOCKS = YES;
				GCC_OPTIMIZATION_LEVEL = 0;
				GCC_PREPROCESSOR_DEFINITIONS = (
					"DEBUG=1",
					"$(inherited)",
				);
				GCC_WARN_64_TO_32_BIT_CONVERSION = YES;
				GCC_WARN_ABOUT_RETURN_TYPE = YES_ERROR;
				GCC_WARN_UNDECLARED_SELECTOR = YES;
				GCC_WARN_UNINITIALIZED_AUTOS = YES_AGGRESSIVE;
				GCC_WARN_UNUSED_FUNCTION = YES;
				GCC_WARN_UNUSED_VARIABLE = YES;
				IPHONEOS_DEPLOYMENT_TARGET = 15.4;
				MTL_ENABLE_DEBUG_INFO = INCLUDE_SOURCE;
				MTL_FAST_MATH = YES;
				ONLY_ACTIVE_ARCH = YES;
				SDKROOT = iphoneos;
				SWIFT_ACTIVE_COMPILATION_CONDITIONS = DEBUG;
				SWIFT_OPTIMIZATION_LEVEL = "-Onone";
			};
			name = Debug;
		};
		89058ADD28504DB300CCB8BC /* Release */ = {
			isa = XCBuildConfiguration;
			buildSettings = {
				ALWAYS_SEARCH_USER_PATHS = NO;
				CLANG_ANALYZER_NONNULL = YES;
				CLANG_ANALYZER_NUMBER_OBJECT_CONVERSION = YES_AGGRESSIVE;
				CLANG_CXX_LANGUAGE_STANDARD = "gnu++17";
				CLANG_ENABLE_MODULES = YES;
				CLANG_ENABLE_OBJC_ARC = YES;
				CLANG_ENABLE_OBJC_WEAK = YES;
				CLANG_WARN_BLOCK_CAPTURE_AUTORELEASING = YES;
				CLANG_WARN_BOOL_CONVERSION = YES;
				CLANG_WARN_COMMA = YES;
				CLANG_WARN_CONSTANT_CONVERSION = YES;
				CLANG_WARN_DEPRECATED_OBJC_IMPLEMENTATIONS = YES;
				CLANG_WARN_DIRECT_OBJC_ISA_USAGE = YES_ERROR;
				CLANG_WARN_DOCUMENTATION_COMMENTS = YES;
				CLANG_WARN_EMPTY_BODY = YES;
				CLANG_WARN_ENUM_CONVERSION = YES;
				CLANG_WARN_INFINITE_RECURSION = YES;
				CLANG_WARN_INT_CONVERSION = YES;
				CLANG_WARN_NON_LITERAL_NULL_CONVERSION = YES;
				CLANG_WARN_OBJC_IMPLICIT_RETAIN_SELF = YES;
				CLANG_WARN_OBJC_LITERAL_CONVERSION = YES;
				CLANG_WARN_OBJC_ROOT_CLASS = YES_ERROR;
				CLANG_WARN_QUOTED_INCLUDE_IN_FRAMEWORK_HEADER = YES;
				CLANG_WARN_RANGE_LOOP_ANALYSIS = YES;
				CLANG_WARN_STRICT_PROTOTYPES = YES;
				CLANG_WARN_SUSPICIOUS_MOVE = YES;
				CLANG_WARN_UNGUARDED_AVAILABILITY = YES_AGGRESSIVE;
				CLANG_WARN_UNREACHABLE_CODE = YES;
				CLANG_WARN__DUPLICATE_METHOD_MATCH = YES;
				COPY_PHASE_STRIP = NO;
				DEBUG_INFORMATION_FORMAT = "dwarf-with-dsym";
				ENABLE_NS_ASSERTIONS = NO;
				ENABLE_STRICT_OBJC_MSGSEND = YES;
				GCC_C_LANGUAGE_STANDARD = gnu11;
				GCC_NO_COMMON_BLOCKS = YES;
				GCC_WARN_64_TO_32_BIT_CONVERSION = YES;
				GCC_WARN_ABOUT_RETURN_TYPE = YES_ERROR;
				GCC_WARN_UNDECLARED_SELECTOR = YES;
				GCC_WARN_UNINITIALIZED_AUTOS = YES_AGGRESSIVE;
				GCC_WARN_UNUSED_FUNCTION = YES;
				GCC_WARN_UNUSED_VARIABLE = YES;
				IPHONEOS_DEPLOYMENT_TARGET = 15.4;
				MTL_ENABLE_DEBUG_INFO = NO;
				MTL_FAST_MATH = YES;
				SDKROOT = iphoneos;
				SWIFT_COMPILATION_MODE = wholemodule;
				SWIFT_OPTIMIZATION_LEVEL = "-O";
				VALIDATE_PRODUCT = YES;
			};
			name = Release;
		};
		89058ADF28504DB300CCB8BC /* Debug */ = {
			isa = XCBuildConfiguration;
			buildSettings = {
				ASSETCATALOG_COMPILER_APPICON_NAME = AppIcon;
				ASSETCATALOG_COMPILER_GLOBAL_ACCENT_COLOR_NAME = AccentColor;
				CODE_SIGN_STYLE = Automatic;
				CURRENT_PROJECT_VERSION = 1;
				DEVELOPMENT_ASSET_PATHS = "\"nex/Preview Content\"";
				DEVELOPMENT_TEAM = DWKP5YCZF8;
				ENABLE_PREVIEWS = YES;
				GENERATE_INFOPLIST_FILE = YES;
				INFOPLIST_KEY_NSBluetoothAlwaysUsageDescription = "";
				INFOPLIST_KEY_NSBluetoothPeripheralUsageDescription = "";
				INFOPLIST_KEY_UIApplicationSceneManifest_Generation = YES;
				INFOPLIST_KEY_UIApplicationSupportsIndirectInputEvents = YES;
				INFOPLIST_KEY_UILaunchScreen_Generation = YES;
				INFOPLIST_KEY_UISupportedInterfaceOrientations_iPad = "UIInterfaceOrientationPortrait UIInterfaceOrientationPortraitUpsideDown UIInterfaceOrientationLandscapeLeft UIInterfaceOrientationLandscapeRight";
				INFOPLIST_KEY_UISupportedInterfaceOrientations_iPhone = "UIInterfaceOrientationPortrait UIInterfaceOrientationLandscapeLeft UIInterfaceOrientationLandscapeRight";
				LD_RUNPATH_SEARCH_PATHS = (
					"$(inherited)",
					"@executable_path/Frameworks",
				);
				MARKETING_VERSION = 1.0;
				PRODUCT_BUNDLE_IDENTIFIER = com.splub.nex;
				PRODUCT_NAME = "$(TARGET_NAME)";
				SWIFT_EMIT_LOC_STRINGS = YES;
				SWIFT_VERSION = 5.0;
				TARGETED_DEVICE_FAMILY = "1,2";
			};
			name = Debug;
		};
		89058AE028504DB300CCB8BC /* Release */ = {
			isa = XCBuildConfiguration;
			buildSettings = {
				ASSETCATALOG_COMPILER_APPICON_NAME = AppIcon;
				ASSETCATALOG_COMPILER_GLOBAL_ACCENT_COLOR_NAME = AccentColor;
				CODE_SIGN_STYLE = Automatic;
				CURRENT_PROJECT_VERSION = 1;
				DEVELOPMENT_ASSET_PATHS = "\"nex/Preview Content\"";
				DEVELOPMENT_TEAM = DWKP5YCZF8;
				ENABLE_PREVIEWS = YES;
				GENERATE_INFOPLIST_FILE = YES;
				INFOPLIST_KEY_NSBluetoothAlwaysUsageDescription = "";
				INFOPLIST_KEY_NSBluetoothPeripheralUsageDescription = "";
				INFOPLIST_KEY_UIApplicationSceneManifest_Generation = YES;
				INFOPLIST_KEY_UIApplicationSupportsIndirectInputEvents = YES;
				INFOPLIST_KEY_UILaunchScreen_Generation = YES;
				INFOPLIST_KEY_UISupportedInterfaceOrientations_iPad = "UIInterfaceOrientationPortrait UIInterfaceOrientationPortraitUpsideDown UIInterfaceOrientationLandscapeLeft UIInterfaceOrientationLandscapeRight";
				INFOPLIST_KEY_UISupportedInterfaceOrientations_iPhone = "UIInterfaceOrientationPortrait UIInterfaceOrientationLandscapeLeft UIInterfaceOrientationLandscapeRight";
				LD_RUNPATH_SEARCH_PATHS = (
					"$(inherited)",
					"@executable_path/Frameworks",
				);
				MARKETING_VERSION = 1.0;
				PRODUCT_BUNDLE_IDENTIFIER = com.splub.nex;
				PRODUCT_NAME = "$(TARGET_NAME)";
				SWIFT_EMIT_LOC_STRINGS = YES;
				SWIFT_VERSION = 5.0;
				TARGETED_DEVICE_FAMILY = "1,2";
			};
			name = Release;
		};
/* End XCBuildConfiguration section */

/* Begin XCConfigurationList section */
		89058ACB28504DB200CCB8BC /* Build configuration list for PBXProject "nex" */ = {
			isa = XCConfigurationList;
			buildConfigurations = (
				89058ADC28504DB300CCB8BC /* Debug */,
				89058ADD28504DB300CCB8BC /* Release */,
			);
			defaultConfigurationIsVisible = 0;
			defaultConfigurationName = Release;
		};
		89058ADE28504DB300CCB8BC /* Build configuration list for PBXNativeTarget "nex" */ = {
			isa = XCConfigurationList;
			buildConfigurations = (
				89058ADF28504DB300CCB8BC /* Debug */,
				89058AE028504DB300CCB8BC /* Release */,
			);
			defaultConfigurationIsVisible = 0;
			defaultConfigurationName = Release;
		};
/* End XCConfigurationList section */

/* Begin XCRemoteSwiftPackageReference section */
		422955B8285784320018033C /* XCRemoteSwiftPackageReference "Printer" */ = {
			isa = XCRemoteSwiftPackageReference;
			repositoryURL = "https://hub.fastgit.xyz/KevinGong2013/Printer";
			requirement = {
				branch = master;
				kind = branch;
			};
		};
/* End XCRemoteSwiftPackageReference section */

/* Begin XCSwiftPackageProductDependency section */
		422955B9285784320018033C /* Printer */ = {
			isa = XCSwiftPackageProductDependency;
			package = 422955B8285784320018033C /* XCRemoteSwiftPackageReference "Printer" */;
			productName = Printer;
		};
/* End XCSwiftPackageProductDependency section */
	};
	rootObject = 89058AC828504DB200CCB8BC /* Project object */;
}
